
Microsoft Visual Studio Solution File, Format Version 12.00
# Visual Studio Version 16
VisualStudioVersion = 16.0.28803.352
MinimumVisualStudioVersion = 10.0.40219.1
Project("{FAE04EC0-301F-11D3-BF4B-00C04F79EFBC}") = "ImageProcessing", "CSharp\ImageProcessing\ImageProcessing.csproj", "{6D847EDC-D252-4B61-B805-3A6D4E17B21E}"
EndProject
Global
	GlobalSection(SolutionConfigurationPlatforms) = preSolution
		Debug|Any CPU = Debug|Any CPU
		Release|Any CPU = Release|Any CPU
	EndGlobalSection
	GlobalSection(ProjectConfigurationPlatforms) = postSolution
		{6D847EDC-D252-4B61-B805-3A6D4E17B21E}.Debug|Any CPU.ActiveCfg = Debug|Any CPU
		{6D847EDC-D252-4B61-B805-3A6D4E17B21E}.Debug|Any CPU.Build.0 = Debug|Any CPU
		{6D847EDC-D252-4B61-B805-3A6D4E17B21E}.Release|Any CPU.ActiveCfg = Release|Any CPU
		{6D847EDC-D252-4B61-B805-3A6D4E17B21E}.Release|Any CPU.Build.0 = Release|Any CPU
	EndGlobalSection
	GlobalSection(SolutionProperties) = preSolution
		HideSolutionNode = FALSE
	EndGlobalSection
	GlobalSection(ExtensibilityGlobals) = postSolution
		SolutionGuid = {2EFC8005-AF7B-4D98-B873-3404F621932D}
	EndGlobalSection
EndGlobal
